
Microsoft Visual Studio Solution File, Format Version 12.00
# Visual Studio Version 17
VisualStudioVersion = 17.4.33110.190
MinimumVisualStudioVersion = 10.0.40219.1
Project("{FAE04EC0-301F-11D3-BF4B-00C04F79EFBC}") = "SnakeWPF", "SnakeWPF\SnakeWPF.csproj", "{7F17BD00-989B-482C-9E3D-8EFD16BC7EB0}"
EndProject
Global
	GlobalSection(SolutionConfigurationPlatforms) = preSolution
		Debug|Any CPU = Debug|Any CPU
		Release|Any CPU = Release|Any CPU
	EndGlobalSection
	GlobalSection(ProjectConfigurationPlatforms) = postSolution
		{7F17BD00-989B-482C-9E3D-8EFD16BC7EB0}.Debug|Any CPU.ActiveCfg = Debug|Any CPU
		{7F17BD00-989B-482C-9E3D-8EFD16BC7EB0}.Debug|Any CPU.Build.0 = Debug|Any CPU
		{7F17BD00-989B-482C-9E3D-8EFD16BC7EB0}.Release|Any CPU.ActiveCfg = Release|Any CPU
		{7F17BD00-989B-482C-9E3D-8EFD16BC7EB0}.Release|Any CPU.Build.0 = Release|Any CPU
	EndGlobalSection
	GlobalSection(SolutionProperties) = preSolution
		HideSolutionNode = FALSE
	EndGlobalSection
	GlobalSection(ExtensibilityGlobals) = postSolution
		SolutionGuid = {A5CA0A09-A1DF-4BBA-9545-3C86E7A5C690}
	EndGlobalSection
EndGlobal
